{
  "version": 4,
  "terraform_version": "1.15.8",
  "serial": 17,
  "lineage": "7dabd0a5-a5ad-25ed-c7b3-884587797038",
  "outputs": {},
  "resources": [
    {
      "mode": "managed",
      "type": "aws_eks_cluster",
      "name": "main",
      "provider": "provider[\"registry.terraform.io/hashicorp/aws\"]",
      "instances": [
        {
          "schema_version": 1,
          "attributes": {
            "access_config": [
              {
                "authentication_mode": "API",
                "bootstrap_cluster_creator_admin_permissions": false
              }
            ],
            "arn": "arn:aws:eks:us-east-1:477478162709:cluster/main",
            "bootstrap_self_managed_addons": true,
            "certificate_authority": [
              {
                "data": "LS0tLS1CRUdJTiBDRVJUSUZJQ0FURS0tLS0tCk1JSUREVENDQWZXZ0F3SUJBZ0lRUWR2RXBwOE9WU3hkdFBzTHU2ekVRREFOQmdrcWhraUc5dzBCQVFzRkFEQVYKTVJNd0VRWURWUVFERXdwcmRXSmxjbTVsZEdWek1CNFhEVEkyTURneE5qSXhOVEV3TkZvWERUTTJNRGd4TXpJeApOVEV3TkZvd0ZURVRNQkVHQTFVRUF4TUthM1ZpWlhKdVpYUmxjekNDQVNJd0RRWUpLb1pJaHZjTkFRRUJCUUFECmdnRVBBRENDQVFvQ2dnRUJBTUFCSU9GbnlRNTQxNVVnd1E1dFRncU4yZktMUWhpNy9VZVk2OExGNm9USENHYjYKeUVPdlJpTm9HRlNRY2RndElPNFYzWDh4MUppdVZpTURWZFVnQ204VVI1L0RQOHd3V2l1Nll6WEIxZjdDWkNtZgovTUF0cmxGL2hDbmswNEVpbXQxdlVNNHR3U1JjYkNGSWhLM1o3YnE1QjVPVWQ1MVdSanVMTkNROSsySndKUjRXCml4MW9EcUt6MEc0dkQwNm5SWXJQUkN6SkRKVjR4SWlmYXZkT1plYU0vNHhlaVRyU1dVbjFqc2xyQWxjZHkwSWcKdXBGQUJyd0hKdFpjcnRoQmttVGY4MUpSd2M5b0JFVmt2dXphT1BFSXRlaUZqSnJTM0hFWDhGb0ZKbGdUSFl6TwpjdTBIdU9ha1RCa3Jkc215VFNWaEJkL0ltUEgreXd5S1Q0U2JQOXNDQXdFQUFhTlpNRmN3RGdZRFZSMFBBUUgvCkJBUURBZ0trTUE4R0ExVWRFd0VCL3dRRk1BTUJBZjh3SFFZRFZSME9CQllFRkwyR3B1bnd0MHBiSnFidDEveTIKaVd0TDFZdnhNQlVHQTFVZEVRUU9NQXlDQ210MVltVnlibVYwWlhNd0RRWUpLb1pJaHZjTkFRRUxCUUFEZ2dFQgpBRU9SNjZzNk1IR0xwVWNZVHAxUE5jazcxd0xSNVJ0YVl0NlY4WUJRMmF3clNRU2d1ejMvMGllRlREOVlWOFN1CjIyeHA5UzNuSG1UMzZxNU12cSs3QVQ4YnduaHlaTmlDczFRdUNaL3hGVlkwYXlLeWJwNzBNWkowM2tZSjdReVoKc01EN3Q0SU45WERSM2tzY2M0WGJobEdVZXIybUpZK1g5L2xXNGp5bzMxQm1yTWFvRTRMbGI2UzdvVW8zcExPagp5Qi80c1RzekN0VnlLTjVzdlhiSU5TdnpBT1BiUit6VjJOMHRadEFwcDlRdkNLcnNCZk1FWGJYcnQ2c3hSd0NZCnliY1FUY1ZEZi82MTNvZE4rTU9qd3BqNHZOdnc4OTNyVUNCN241WlRpL1JibytNNjloWmZDNzJKajBXSEFxSFgKSEpOZVZlVFhNZ2UrL3liaGJJc0JkYlU9Ci0tLS0tRU5EIENFUlRJRklDQVRFLS0tLS0K"
              }
            ],
            "cluster_id": null,
            "compute_config": [
              {
                "enabled": false,
                "node_pools": [],
                "node_role_arn": ""
              }
            ],
            "control_plane_scaling_config": [
              {
                "tier": "standard"
              }
            ],
            "created_at": "2026-08-16T21:50:55Z",
            "deletion_protection": false,
            "enabled_cluster_log_types": null,
            "encryption_config": [],
            "endpoint": "https://DA1210885C8D7333387475153A2039B4.gr7.us-east-1.eks.amazonaws.com",
            "force_update_version": null,
            "id": "main",
            "identity": [
              {
                "oidc": [
                  {
                    "issuer": "https://oidc.eks.us-east-1.amazonaws.com/id/DA1210885C8D7333387475153A2039B4"
                  }
                ]
              }
            ],
            "kube_api_server_config": [
              {
                "event_ttl": "60m",
                "service_node_port_range": [
                  {
                    "max_port": 32767,
                    "min_port": 30000
                  }
                ]
              }
            ],
            "kube_controller_manager_config": [
              {
                "horizontal_pod_autoscaler_controller_config": [
                  {
                    "horizontal_pod_autoscaler_sync_period": "15s"
                  }
                ]
              }
            ],
            "kube_scheduler_config": [
              {
                "node_resources_fit": [
                  {
                    "scoring_strategy": [
                      {
                        "resource": [
                          {
                            "name": "cpu",
                            "weight": 1
                          },
                          {
                            "name": "memory",
                            "weight": 1
                          }
                        ],
                        "type": "LeastAllocated"
                      }
                    ]
                  }
                ]
              }
            ],
            "kubernetes_network_config": [
              {
                "elastic_load_balancing": [
                  {
                    "enabled": false
                  }
                ],
                "ip_family": "ipv4",
                "service_ipv4_cidr": "172.20.0.0/16",
                "service_ipv6_cidr": ""
              }
            ],
            "name": "main",
            "outpost_config": [],
            "platform_version": "eks.21",
            "region": "us-east-1",
            "remote_network_config": [],
            "role_arn": "arn:aws:iam::477478162709:role/eks-cluster",
            "status": "ACTIVE",
            "storage_config": [
              {
                "block_storage": [
                  {
                    "enabled": false
                  }
                ]
              }
            ],
            "tags": null,
            "tags_all": {},
            "timeouts": null,
            "upgrade_policy": [
              {
                "support_type": "EXTENDED"
              }
            ],
            "version": "1.35",
            "vpc_config": [
              {
                "cluster_security_group_id": "sg-0078b948c4cd0d35d",
                "control_plane_egress_mode": "AWS_MANAGED",
                "endpoint_private_access": false,
                "endpoint_public_access": true,
                "public_access_cidrs": [
                  "0.0.0.0/0"
                ],
                "security_group_ids": null,
                "subnet_ids": [
                  "subnet-026d8f52f963c94cd",
                  "subnet-06dc308db178d337c"
                ],
                "vpc_id": "vpc-0e19586e4b798d472"
              }
            ],
            "zonal_shift_config": []
          },
          "sensitive_attributes": [],
          "identity_schema_version": 0,
          "identity": {
            "account_id": "477478162709",
            "name": "main",
            "region": "us-east-1"
          },
          "private": "eyJlMmJmYjczMC1lY2FhLTExZTYtOGY4OC0zNDM2M2JjN2M0YzAiOnsiY3JlYXRlIjoxODAwMDAwMDAwMDAwLCJkZWxldGUiOjkwMDAwMDAwMDAwMCwidXBkYXRlIjozNjAwMDAwMDAwMDAwfSwic2NoZW1hX3ZlcnNpb24iOiIxIn0=",
          "dependencies": [
            "aws_iam_role.cluster",
            "aws_iam_role_policy_attachment.cluster_AmazonEKSClusterPolicy",
            "aws_subnet.sub_a",
            "aws_subnet.sub_b",
            "aws_vpc.main"
          ]
        }
      ]
    },
    {
      "mode": "managed",
      "type": "aws_iam_role",
      "name": "cluster",
      "provider": "provider[\"registry.terraform.io/hashicorp/aws\"]",
      "instances": [
        {
          "schema_version": 0,
          "attributes": {
            "arn": "arn:aws:iam::477478162709:role/eks-cluster",
            "assume_role_policy": "{\"Statement\":[{\"Action\":[\"sts:AssumeRole\",\"sts:TagSession\"],\"Effect\":\"Allow\",\"Principal\":{\"Service\":\"eks.amazonaws.com\"}}],\"Version\":\"2012-10-17\"}",
            "create_date": "2026-08-16T21:50:49Z",
            "description": "",
            "force_detach_policies": false,
            "id": "eks-cluster",
            "inline_policy": [],
            "managed_policy_arns": [],
            "max_session_duration": 3600,
            "name": "eks-cluster",
            "name_prefix": "",
            "path": "/",
            "permissions_boundary": "",
            "tags": null,
            "tags_all": {},
            "unique_id": "AROAW6K7KSEK6LTJYBW7H"
          },
          "sensitive_attributes": [],
          "identity_schema_version": 0,
          "identity": {
            "account_id": "477478162709",
            "name": "eks-cluster"
          },
          "private": "bnVsbA=="
        }
      ]
    },
    {
      "mode": "managed",
      "type": "aws_iam_role_policy_attachment",
      "name": "cluster_AmazonEKSClusterPolicy",
      "provider": "provider[\"registry.terraform.io/hashicorp/aws\"]",
      "instances": [
        {
          "schema_version": 0,
          "attributes": {
            "id": "eks-cluster/arn:aws:iam::aws:policy/AmazonEKSClusterPolicy",
            "policy_arn": "arn:aws:iam::aws:policy/AmazonEKSClusterPolicy",
            "role": "eks-cluster"
          },
          "sensitive_attributes": [],
          "identity_schema_version": 0,
          "identity": {
            "account_id": "477478162709",
            "policy_arn": "arn:aws:iam::aws:policy/AmazonEKSClusterPolicy",
            "role": "eks-cluster"
          },
          "private": "bnVsbA==",
          "dependencies": [
            "aws_iam_role.cluster"
          ]
        }
      ]
    },
    {
      "mode": "managed",
      "type": "aws_internet_gateway",
      "name": "main",
      "provider": "provider[\"registry.terraform.io/hashicorp/aws\"]",
      "instances": [
        {
          "schema_version": 0,
          "attributes": {
            "arn": "arn:aws:ec2:us-east-1:477478162709:internet-gateway/igw-0d4e626be1ffddd0f",
            "id": "igw-0d4e626be1ffddd0f",
            "owner_id": "477478162709",
            "region": "us-east-1",
            "tags": {
              "Name": "main"
            },
            "tags_all": {
              "Name": "main"
            },
            "timeouts": null,
            "vpc_id": "vpc-0e19586e4b798d472"
          },
          "sensitive_attributes": [],
          "identity_schema_version": 0,
          "identity": {
            "account_id": "477478162709",
            "id": "igw-0d4e626be1ffddd0f",
            "region": "us-east-1"
          },
          "private": "eyJlMmJmYjczMC1lY2FhLTExZTYtOGY4OC0zNDM2M2JjN2M0YzAiOnsiY3JlYXRlIjoxMjAwMDAwMDAwMDAwLCJkZWxldGUiOjEyMDAwMDAwMDAwMDAsInVwZGF0ZSI6MTIwMDAwMDAwMDAwMH19",
          "dependencies": [
            "aws_vpc.main"
          ]
        }
      ]
    },
    {
      "mode": "managed",
      "type": "aws_route_table",
      "name": "public",
      "provider": "provider[\"registry.terraform.io/hashicorp/aws\"]",
      "instances": [
        {
          "schema_version": 0,
          "attributes": {
            "arn": "arn:aws:ec2:us-east-1:477478162709:route-table/rtb-06d12ca1e4a0f0933",
            "id": "rtb-06d12ca1e4a0f0933",
            "owner_id": "477478162709",
            "propagating_vgws": [],
            "region": "us-east-1",
            "route": [
              {
                "carrier_gateway_id": "",
                "cidr_block": "0.0.0.0/0",
                "core_network_arn": "",
                "destination_prefix_list_id": "",
                "egress_only_gateway_id": "",
                "gateway_id": "igw-0d4e626be1ffddd0f",
                "ipv6_cidr_block": "",
                "local_gateway_id": "",
                "nat_gateway_id": "",
                "network_interface_id": "",
                "odb_network_arn": "",
                "transit_gateway_id": "",
                "vpc_endpoint_id": "",
                "vpc_peering_connection_id": ""
              }
            ],
            "tags": {
              "Name": "public"
            },
            "tags_all": {
              "Name": "public"
            },
            "timeouts": null,
            "vpc_id": "vpc-0e19586e4b798d472"
          },
          "sensitive_attributes": [],
          "identity_schema_version": 0,
          "identity": {
            "account_id": "477478162709",
            "id": "rtb-06d12ca1e4a0f0933",
            "region": "us-east-1"
          },
          "private": "eyJlMmJmYjczMC1lY2FhLTExZTYtOGY4OC0zNDM2M2JjN2M0YzAiOnsiY3JlYXRlIjozMDAwMDAwMDAwMDAsImRlbGV0ZSI6MzAwMDAwMDAwMDAwLCJ1cGRhdGUiOjEyMDAwMDAwMDAwMH19",
          "dependencies": [
            "aws_internet_gateway.main",
            "aws_vpc.main"
          ]
        }
      ]
    },
    {
      "mode": "managed",
      "type": "aws_route_table_association",
      "name": "sub_a",
      "provider": "provider[\"registry.terraform.io/hashicorp/aws\"]",
      "instances": [
        {
          "schema_version": 0,
          "attributes": {
            "gateway_id": "",
            "id": "rtbassoc-02c82799a32c48450",
            "region": "us-east-1",
            "route_table_id": "rtb-06d12ca1e4a0f0933",
            "subnet_id": "subnet-026d8f52f963c94cd",
            "timeouts": null
          },
          "sensitive_attributes": [],
          "identity_schema_version": 0,
          "identity": {
            "account_id": "477478162709",
            "id": "rtbassoc-02c82799a32c48450",
            "region": "us-east-1"
          },
          "private": "eyJlMmJmYjczMC1lY2FhLTExZTYtOGY4OC0zNDM2M2JjN2M0YzAiOnsiY3JlYXRlIjozMDAwMDAwMDAwMDAsImRlbGV0ZSI6MzAwMDAwMDAwMDAwLCJ1cGRhdGUiOjEyMDAwMDAwMDAwMH19",
          "dependencies": [
            "aws_internet_gateway.main",
            "aws_route_table.public",
            "aws_subnet.sub_a",
            "aws_vpc.main"
          ]
        }
      ]
    },
    {
      "mode": "managed",
      "type": "aws_route_table_association",
      "name": "sub_b",
      "provider": "provider[\"registry.terraform.io/hashicorp/aws\"]",
      "instances": [
        {
          "schema_version": 0,
          "attributes": {
            "gateway_id": "",
            "id": "rtbassoc-0c103a6fd120753d2",
            "region": "us-east-1",
            "route_table_id": "rtb-06d12ca1e4a0f0933",
            "subnet_id": "subnet-06dc308db178d337c",
            "timeouts": null
          },
          "sensitive_attributes": [],
          "identity_schema_version": 0,
          "identity": {
            "account_id": "477478162709",
            "id": "rtbassoc-0c103a6fd120753d2",
            "region": "us-east-1"
          },
          "private": "eyJlMmJmYjczMC1lY2FhLTExZTYtOGY4OC0zNDM2M2JjN2M0YzAiOnsiY3JlYXRlIjozMDAwMDAwMDAwMDAsImRlbGV0ZSI6MzAwMDAwMDAwMDAwLCJ1cGRhdGUiOjEyMDAwMDAwMDAwMH19",
          "dependencies": [
            "aws_internet_gateway.main",
            "aws_route_table.public",
            "aws_subnet.sub_b",
            "aws_vpc.main"
          ]
        }
      ]
    },
    {
      "mode": "managed",
      "type": "aws_security_group",
      "name": "eks",
      "provider": "provider[\"registry.terraform.io/hashicorp/aws\"]",
      "instances": [
        {
          "schema_version": 1,
          "attributes": {
            "arn": "arn:aws:ec2:us-east-1:477478162709:security-group/sg-0bb76cc6d96ca3ae6",
            "description": "Managed by Terraform",
            "egress": [],
            "id": "sg-0bb76cc6d96ca3ae6",
            "ingress": [],
            "name": "eks",
            "name_prefix": "",
            "owner_id": "477478162709",
            "region": "us-east-1",
            "revoke_rules_on_delete": false,
            "tags": {
              "Name": "eks"
            },
            "tags_all": {
              "Name": "eks"
            },
            "timeouts": null,
            "vpc_id": "vpc-0e19586e4b798d472"
          },
          "sensitive_attributes": [],
          "identity_schema_version": 0,
          "identity": {
            "account_id": "477478162709",
            "id": "sg-0bb76cc6d96ca3ae6",
            "region": "us-east-1"
          },
          "private": "eyJlMmJmYjczMC1lY2FhLTExZTYtOGY4OC0zNDM2M2JjN2M0YzAiOnsiY3JlYXRlIjo2MDAwMDAwMDAwMDAsImRlbGV0ZSI6OTAwMDAwMDAwMDAwfSwic2NoZW1hX3ZlcnNpb24iOiIxIn0=",
          "dependencies": [
            "aws_vpc.main"
          ]
        }
      ]
    },
    {
      "mode": "managed",
      "type": "aws_security_group",
      "name": "rds",
      "provider": "provider[\"registry.terraform.io/hashicorp/aws\"]",
      "instances": [
        {
          "schema_version": 1,
          "attributes": {
            "arn": "arn:aws:ec2:us-east-1:477478162709:security-group/sg-0e90f0bd133329477",
            "description": "Managed by Terraform",
            "egress": [],
            "id": "sg-0e90f0bd133329477",
            "ingress": [],
            "name": "rds",
            "name_prefix": "",
            "owner_id": "477478162709",
            "region": "us-east-1",
            "revoke_rules_on_delete": false,
            "tags": {
              "Name": "rds"
            },
            "tags_all": {
              "Name": "rds"
            },
            "timeouts": null,
            "vpc_id": "vpc-0e19586e4b798d472"
          },
          "sensitive_attributes": [],
          "identity_schema_version": 0,
          "identity": {
            "account_id": "477478162709",
            "id": "sg-0e90f0bd133329477",
            "region": "us-east-1"
          },
          "private": "eyJlMmJmYjczMC1lY2FhLTExZTYtOGY4OC0zNDM2M2JjN2M0YzAiOnsiY3JlYXRlIjo2MDAwMDAwMDAwMDAsImRlbGV0ZSI6OTAwMDAwMDAwMDAwfSwic2NoZW1hX3ZlcnNpb24iOiIxIn0=",
          "dependencies": [
            "aws_vpc.main"
          ]
        }
      ]
    },
    {
      "mode": "managed",
      "type": "aws_subnet",
      "name": "sub_a",
      "provider": "provider[\"registry.terraform.io/hashicorp/aws\"]",
      "instances": [
        {
          "schema_version": 1,
          "attributes": {
            "arn": "arn:aws:ec2:us-east-1:477478162709:subnet/subnet-026d8f52f963c94cd",
            "assign_ipv6_address_on_creation": false,
            "availability_zone": "us-east-1a",
            "availability_zone_id": "use1-az1",
            "cidr_block": "10.0.1.0/24",
            "customer_owned_ipv4_pool": "",
            "enable_dns64": false,
            "enable_lni_at_device_index": 0,
            "enable_resource_name_dns_a_record_on_launch": false,
            "enable_resource_name_dns_aaaa_record_on_launch": false,
            "id": "subnet-026d8f52f963c94cd",
            "ipv4_ipam_pool_id": null,
            "ipv4_netmask_length": null,
            "ipv6_cidr_block": "",
            "ipv6_cidr_block_association_id": "",
            "ipv6_ipam_pool_id": null,
            "ipv6_native": false,
            "ipv6_netmask_length": null,
            "map_customer_owned_ip_on_launch": false,
            "map_public_ip_on_launch": false,
            "outpost_arn": "",
            "owner_id": "477478162709",
            "private_dns_hostname_type_on_launch": "ip-name",
            "region": "us-east-1",
            "tags": {
              "Name": "sub_a"
            },
            "tags_all": {
              "Name": "sub_a"
            },
            "timeouts": null,
            "vpc_id": "vpc-0e19586e4b798d472"
          },
          "sensitive_attributes": [],
          "identity_schema_version": 0,
          "identity": {
            "account_id": "477478162709",
            "id": "subnet-026d8f52f963c94cd",
            "region": "us-east-1"
          },
          "private": "eyJlMmJmYjczMC1lY2FhLTExZTYtOGY4OC0zNDM2M2JjN2M0YzAiOnsiY3JlYXRlIjo2MDAwMDAwMDAwMDAsImRlbGV0ZSI6MTIwMDAwMDAwMDAwMH0sInNjaGVtYV92ZXJzaW9uIjoiMSJ9",
          "dependencies": [
            "aws_vpc.main"
          ]
        }
      ]
    },
    {
      "mode": "managed",
      "type": "aws_subnet",
      "name": "sub_b",
      "provider": "provider[\"registry.terraform.io/hashicorp/aws\"]",
      "instances": [
        {
          "schema_version": 1,
          "attributes": {
            "arn": "arn:aws:ec2:us-east-1:477478162709:subnet/subnet-06dc308db178d337c",
            "assign_ipv6_address_on_creation": false,
            "availability_zone": "us-east-1b",
            "availability_zone_id": "use1-az2",
            "cidr_block": "10.0.2.0/24",
            "customer_owned_ipv4_pool": "",
            "enable_dns64": false,
            "enable_lni_at_device_index": 0,
            "enable_resource_name_dns_a_record_on_launch": false,
            "enable_resource_name_dns_aaaa_record_on_launch": false,
            "id": "subnet-06dc308db178d337c",
            "ipv4_ipam_pool_id": null,
            "ipv4_netmask_length": null,
            "ipv6_cidr_block": "",
            "ipv6_cidr_block_association_id": "",
            "ipv6_ipam_pool_id": null,
            "ipv6_native": false,
            "ipv6_netmask_length": null,
            "map_customer_owned_ip_on_launch": false,
            "map_public_ip_on_launch": false,
            "outpost_arn": "",
            "owner_id": "477478162709",
            "private_dns_hostname_type_on_launch": "ip-name",
            "region": "us-east-1",
            "tags": {
              "Name": "sub_b"
            },
            "tags_all": {
              "Name": "sub_b"
            },
            "timeouts": null,
            "vpc_id": "vpc-0e19586e4b798d472"
          },
          "sensitive_attributes": [],
          "identity_schema_version": 0,
          "identity": {
            "account_id": "477478162709",
            "id": "subnet-06dc308db178d337c",
            "region": "us-east-1"
          },
          "private": "eyJlMmJmYjczMC1lY2FhLTExZTYtOGY4OC0zNDM2M2JjN2M0YzAiOnsiY3JlYXRlIjo2MDAwMDAwMDAwMDAsImRlbGV0ZSI6MTIwMDAwMDAwMDAwMH0sInNjaGVtYV92ZXJzaW9uIjoiMSJ9",
          "dependencies": [
            "aws_vpc.main"
          ]
        }
      ]
    },
    {
      "mode": "managed",
      "type": "aws_vpc",
      "name": "main",
      "provider": "provider[\"registry.terraform.io/hashicorp/aws\"]",
      "instances": [
        {
          "schema_version": 1,
          "attributes": {
            "arn": "arn:aws:ec2:us-east-1:477478162709:vpc/vpc-0e19586e4b798d472",
            "assign_generated_ipv6_cidr_block": false,
            "cidr_block": "10.0.0.0/16",
            "default_network_acl_id": "acl-03e57fbd78671753e",
            "default_route_table_id": "rtb-0098ac664796a09d7",
            "default_security_group_id": "sg-056363c47769dca76",
            "dhcp_options_id": "dopt-08ca3a58815b9837f",
            "enable_dns_hostnames": false,
            "enable_dns_support": true,
            "enable_network_address_usage_metrics": false,
            "id": "vpc-0e19586e4b798d472",
            "instance_tenancy": "default",
            "ipv4_ipam_pool_id": null,
            "ipv4_netmask_length": null,
            "ipv6_association_id": "",
            "ipv6_cidr_block": "",
            "ipv6_cidr_block_network_border_group": "",
            "ipv6_ipam_pool_id": "",
            "ipv6_netmask_length": 0,
            "main_route_table_id": "rtb-0098ac664796a09d7",
            "owner_id": "477478162709",
            "region": "us-east-1",
            "tags": {
              "Name": "main"
            },
            "tags_all": {
              "Name": "main"
            }
          },
          "sensitive_attributes": [],
          "identity_schema_version": 0,
          "identity": {
            "account_id": "477478162709",
            "id": "vpc-0e19586e4b798d472",
            "region": "us-east-1"
          },
          "private": "eyJzY2hlbWFfdmVyc2lvbiI6IjEifQ=="
        }
      ]
    },
    {
      "mode": "managed",
      "type": "aws_vpc_security_group_egress_rule",
      "name": "allow_all_traffic_ipv4",
      "provider": "provider[\"registry.terraform.io/hashicorp/aws\"]",
      "instances": [
        {
          "schema_version": 0,
          "attributes": {
            "arn": "arn:aws:ec2:us-east-1:477478162709:security-group-rule/sgr-08491d271d60a1438",
            "cidr_ipv4": "0.0.0.0/0",
            "cidr_ipv6": null,
            "description": null,
            "from_port": null,
            "id": "sgr-08491d271d60a1438",
            "ip_protocol": "-1",
            "prefix_list_id": null,
            "referenced_security_group_id": null,
            "region": "us-east-1",
            "security_group_id": "sg-0e90f0bd133329477",
            "security_group_rule_id": "sgr-08491d271d60a1438",
            "tags": null,
            "tags_all": {},
            "to_port": null
          },
          "sensitive_attributes": [],
          "identity_schema_version": 0,
          "identity": {
            "account_id": "477478162709",
            "id": "sgr-08491d271d60a1438",
            "region": "us-east-1"
          },
          "dependencies": [
            "aws_security_group.rds",
            "aws_vpc.main"
          ]
        }
      ]
    },
    {
      "mode": "managed",
      "type": "aws_vpc_security_group_ingress_rule",
      "name": "allow_mysql",
      "provider": "provider[\"registry.terraform.io/hashicorp/aws\"]",
      "instances": [
        {
          "schema_version": 0,
          "attributes": {
            "arn": "arn:aws:ec2:us-east-1:477478162709:security-group-rule/sgr-0ae26d8a83420860e",
            "cidr_ipv4": null,
            "cidr_ipv6": null,
            "description": null,
            "from_port": 3306,
            "id": "sgr-0ae26d8a83420860e",
            "ip_protocol": "tcp",
            "prefix_list_id": null,
            "referenced_security_group_id": "sg-0bb76cc6d96ca3ae6",
            "region": "us-east-1",
            "security_group_id": "sg-0e90f0bd133329477",
            "security_group_rule_id": "sgr-0ae26d8a83420860e",
            "tags": null,
            "tags_all": {},
            "to_port": 3306
          },
          "sensitive_attributes": [],
          "identity_schema_version": 0,
          "identity": {
            "account_id": "477478162709",
            "id": "sgr-0ae26d8a83420860e",
            "region": "us-east-1"
          },
          "dependencies": [
            "aws_security_group.eks",
            "aws_security_group.rds",
            "aws_vpc.main"
          ]
        }
      ]
    },
    {
      "mode": "managed",
      "type": "aws_vpc_security_group_ingress_rule",
      "name": "eks",
      "provider": "provider[\"registry.terraform.io/hashicorp/aws\"]",
      "instances": [
        {
          "schema_version": 0,
          "attributes": {
            "arn": "arn:aws:ec2:us-east-1:477478162709:security-group-rule/sgr-082aaa49bbe8dd0ab",
            "cidr_ipv4": "10.0.0.0/16",
            "cidr_ipv6": null,
            "description": null,
            "from_port": 80,
            "id": "sgr-082aaa49bbe8dd0ab",
            "ip_protocol": "tcp",
            "prefix_list_id": null,
            "referenced_security_group_id": null,
            "region": "us-east-1",
            "security_group_id": "sg-0bb76cc6d96ca3ae6",
            "security_group_rule_id": "sgr-082aaa49bbe8dd0ab",
            "tags": null,
            "tags_all": {},
            "to_port": 80
          },
          "sensitive_attributes": [],
          "identity_schema_version": 0,
          "identity": {
            "account_id": "477478162709",
            "id": "sgr-082aaa49bbe8dd0ab",
            "region": "us-east-1"
          },
          "dependencies": [
            "aws_security_group.eks",
            "aws_vpc.main"
          ]
        }
      ]
    }
  ],
  "check_results": null
}
